# This file is generated by running "yarn install" inside your project.
# Manual changes might be lost - proceed with caution!

__metadata:
  version: 8
  cacheKey: 10c0

"@types/glob@npm:^7.2.0":
  version: 7.2.0
  resolution: "@types/glob@npm:7.2.0"
  dependencies:
    "@types/minimatch": "npm:*"
    "@types/node": "npm:*"
  checksum: 10c0/a8eb5d5cb5c48fc58c7ca3ff1e1ddf771ee07ca5043da6e4871e6757b4472e2e73b4cfef2644c38983174a4bc728c73f8da02845c28a1212f98cabd293ecae98
  languageName: node
  linkType: hard

"@types/minimatch@npm:*":
  version: 3.0.5
  resolution: "@types/minimatch@npm:3.0.5"
  checksum: 10c0/a1a19ba342d6f39b569510f621ae4bbe972dc9378d15e9a5e47904c440ee60744f5b09225bc73be1c6490e3a9c938eee69eb53debf55ce1f15761201aa965f97
  languageName: node
  linkType: hard

"@types/node@npm:*, @types/node@npm:^17.0.35":
  version: 17.0.35
  resolution: "@types/node@npm:17.0.35"
  checksum: 10c0/7200dd8d1076088bc7a19823852007460106954f4c72c0bc46ee49869395b18eff2d3098dc4c009117a53026b0a5d8b8ee5c61e5dc76927a5fbbc35ebe4e14d3
  languageName: node
  linkType: hard

"balanced-match@npm:^1.0.0":
  version: 1.0.2
  resolution: "balanced-match@npm:1.0.2"
  checksum: 10c0/9308baf0a7e4838a82bbfd11e01b1cb0f0cf2893bc1676c27c2a8c0e70cbae1c59120c3268517a8ae7fb6376b4639ef81ca22582611dbee4ed28df945134aaee
  languageName: node
  linkType: hard

"brace-expansion@npm:^2.0.1":
  version: 2.0.1
  resolution: "brace-expansion@npm:2.0.1"
  dependencies:
    balanced-match: "npm:^1.0.0"
  checksum: 10c0/b358f2fe060e2d7a87aa015979ecea07f3c37d4018f8d6deb5bd4c229ad3a0384fe6029bb76cd8be63c81e516ee52d1a0673edbe2023d53a5191732ae3c3e49f
  languageName: node
  linkType: hard

"esbuild-android-64@npm:0.14.39":
  version: 0.14.39
  resolution: "esbuild-android-64@npm:0.14.39"
  conditions: os=android & cpu=x64
  languageName: node
  linkType: hard

"esbuild-android-arm64@npm:0.14.39":
  version: 0.14.39
  resolution: "esbuild-android-arm64@npm:0.14.39"
  conditions: os=android & cpu=arm64
  languageName: node
  linkType: hard

"esbuild-darwin-64@npm:0.14.39":
  version: 0.14.39
  resolution: "esbuild-darwin-64@npm:0.14.39"
  conditions: os=darwin & cpu=x64
  languageName: node
  linkType: hard

"esbuild-darwin-arm64@npm:0.14.39":
  version: 0.14.39
  resolution: "esbuild-darwin-arm64@npm:0.14.39"
  conditions: os=darwin & cpu=arm64
  languageName: node
  linkType: hard

"esbuild-freebsd-64@npm:0.14.39":
  version: 0.14.39
  resolution: "esbuild-freebsd-64@npm:0.14.39"
  conditions: os=freebsd & cpu=x64
  languageName: node
  linkType: hard

"esbuild-freebsd-arm64@npm:0.14.39":
  version: 0.14.39
  resolution: "esbuild-freebsd-arm64@npm:0.14.39"
  conditions: os=freebsd & cpu=arm64
  languageName: node
  linkType: hard

"esbuild-linux-32@npm:0.14.39":
  version: 0.14.39
  resolution: "esbuild-linux-32@npm:0.14.39"
  conditions: os=linux & cpu=ia32
  languageName: node
  linkType: hard

"esbuild-linux-64@npm:0.14.39":
  version: 0.14.39
  resolution: "esbuild-linux-64@npm:0.14.39"
  conditions: os=linux & cpu=x64
  languageName: node
  linkType: hard

"esbuild-linux-arm64@npm:0.14.39":
  version: 0.14.39
  resolution: "esbuild-linux-arm64@npm:0.14.39"
  conditions: os=linux & cpu=arm64
  languageName: node
  linkType: hard

"esbuild-linux-arm@npm:0.14.39":
  version: 0.14.39
  resolution: "esbuild-linux-arm@npm:0.14.39"
  conditions: os=linux & cpu=arm
  languageName: node
  linkType: hard

"esbuild-linux-mips64le@npm:0.14.39":
  version: 0.14.39
  resolution: "esbuild-linux-mips64le@npm:0.14.39"
  conditions: os=linux & cpu=mips64el
  languageName: node
  linkType: hard

"esbuild-linux-ppc64le@npm:0.14.39":
  version: 0.14.39
  resolution: "esbuild-linux-ppc64le@npm:0.14.39"
  conditions: os=linux & cpu=ppc64
  languageName: node
  linkType: hard

"esbuild-linux-riscv64@npm:0.14.39":
  version: 0.14.39
  resolution: "esbuild-linux-riscv64@npm:0.14.39"
  conditions: os=linux & cpu=riscv64
  languageName: node
  linkType: hard

"esbuild-linux-s390x@npm:0.14.39":
  version: 0.14.39
  resolution: "esbuild-linux-s390x@npm:0.14.39"
  conditions: os=linux & cpu=s390x
  languageName: node
  linkType: hard

"esbuild-netbsd-64@npm:0.14.39":
  version: 0.14.39
  resolution: "esbuild-netbsd-64@npm:0.14.39"
  conditions: os=netbsd & cpu=x64
  languageName: node
  linkType: hard

"esbuild-openbsd-64@npm:0.14.39":
  version: 0.14.39
  resolution: "esbuild-openbsd-64@npm:0.14.39"
  conditions: os=openbsd & cpu=x64
  languageName: node
  linkType: hard

"esbuild-sunos-64@npm:0.14.39":
  version: 0.14.39
  resolution: "esbuild-sunos-64@npm:0.14.39"
  conditions: os=sunos & cpu=x64
  languageName: node
  linkType: hard

"esbuild-windows-32@npm:0.14.39":
  version: 0.14.39
  resolution: "esbuild-windows-32@npm:0.14.39"
  conditions: os=win32 & cpu=ia32
  languageName: node
  linkType: hard

"esbuild-windows-64@npm:0.14.39":
  version: 0.14.39
  resolution: "esbuild-windows-64@npm:0.14.39"
  conditions: os=win32 & cpu=x64
  languageName: node
  linkType: hard

"esbuild-windows-arm64@npm:0.14.39":
  version: 0.14.39
  resolution: "esbuild-windows-arm64@npm:0.14.39"
  conditions: os=win32 & cpu=arm64
  languageName: node
  linkType: hard

"esbuild@npm:^0.14.39":
  version: 0.14.39
  resolution: "esbuild@npm:0.14.39"
  dependencies:
    esbuild-android-64: "npm:0.14.39"
    esbuild-android-arm64: "npm:0.14.39"
    esbuild-darwin-64: "npm:0.14.39"
    esbuild-darwin-arm64: "npm:0.14.39"
    esbuild-freebsd-64: "npm:0.14.39"
    esbuild-freebsd-arm64: "npm:0.14.39"
    esbuild-linux-32: "npm:0.14.39"
    esbuild-linux-64: "npm:0.14.39"
    esbuild-linux-arm: "npm:0.14.39"
    esbuild-linux-arm64: "npm:0.14.39"
    esbuild-linux-mips64le: "npm:0.14.39"
    esbuild-linux-ppc64le: "npm:0.14.39"
    esbuild-linux-riscv64: "npm:0.14.39"
    esbuild-linux-s390x: "npm:0.14.39"
    esbuild-netbsd-64: "npm:0.14.39"
    esbuild-openbsd-64: "npm:0.14.39"
    esbuild-sunos-64: "npm:0.14.39"
    esbuild-windows-32: "npm:0.14.39"
    esbuild-windows-64: "npm:0.14.39"
    esbuild-windows-arm64: "npm:0.14.39"
  dependenciesMeta:
    esbuild-android-64:
      optional: true
    esbuild-android-arm64:
      optional: true
    esbuild-darwin-64:
      optional: true
    esbuild-darwin-arm64:
      optional: true
    esbuild-freebsd-64:
      optional: true
    esbuild-freebsd-arm64:
      optional: true
    esbuild-linux-32:
      optional: true
    esbuild-linux-64:
      optional: true
    esbuild-linux-arm:
      optional: true
    esbuild-linux-arm64:
      optional: true
    esbuild-linux-mips64le:
      optional: true
    esbuild-linux-ppc64le:
      optional: true
    esbuild-linux-riscv64:
      optional: true
    esbuild-linux-s390x:
      optional: true
    esbuild-netbsd-64:
      optional: true
    esbuild-openbsd-64:
      optional: true
    esbuild-sunos-64:
      optional: true
    esbuild-windows-32:
      optional: true
    esbuild-windows-64:
      optional: true
    esbuild-windows-arm64:
      optional: true
  bin:
    esbuild: bin/esbuild
  checksum: 10c0/49e8212c84d1baafb63726391379faa81f3ac227457d2d4e470103c7a74dcb60739298d57365f6f6b22c329bb940d37601232364afccca4900b5964ff1979835
  languageName: node
  linkType: hard

"frontend@workspace:.":
  version: 0.0.0-use.local
  resolution: "frontend@workspace:."
  dependencies:
    "@types/glob": "npm:^7.2.0"
    "@types/node": "npm:^17.0.35"
    esbuild: "npm:^0.14.39"
    glob: "npm:^8.0.3"
  languageName: unknown
  linkType: soft

"fs.realpath@npm:^1.0.0":
  version: 1.0.0
  resolution: "fs.realpath@npm:1.0.0"
  checksum: 10c0/444cf1291d997165dfd4c0d58b69f0e4782bfd9149fd72faa4fe299e68e0e93d6db941660b37dd29153bf7186672ececa3b50b7e7249477b03fdf850f287c948
  languageName: node
  linkType: hard

"glob@npm:^8.0.3":
  version: 8.0.3
  resolution: "glob@npm:8.0.3"
  dependencies:
    fs.realpath: "npm:^1.0.0"
    inflight: "npm:^1.0.4"
    inherits: "npm:2"
    minimatch: "npm:^5.0.1"
    once: "npm:^1.3.0"
  checksum: 10c0/07ebaf2ed83e76b10901ec4982040ebd85458b787b4386f751a0514f6c8e416ed6c9eec5a892571eb0ef00b09d1bd451f72b5d9fb7b63770efd400532486e731
  languageName: node
  linkType: hard

"inflight@npm:^1.0.4":
  version: 1.0.6
  resolution: "inflight@npm:1.0.6"
  dependencies:
    once: "npm:^1.3.0"
    wrappy: "npm:1"
  checksum: 10c0/7faca22584600a9dc5b9fca2cd5feb7135ac8c935449837b315676b4c90aa4f391ec4f42240178244b5a34e8bede1948627fda392ca3191522fc46b34e985ab2
  languageName: node
  linkType: hard

"inherits@npm:2":
  version: 2.0.4
  resolution: "inherits@npm:2.0.4"
  checksum: 10c0/4e531f648b29039fb7426fb94075e6545faa1eb9fe83c29f0b6d9e7263aceb4289d2d4557db0d428188eeb449cc7c5e77b0a0b2c4e248ff2a65933a0dee49ef2
  languageName: node
  linkType: hard

"minimatch@npm:^5.0.1":
  version: 5.1.0
  resolution: "minimatch@npm:5.1.0"
  dependencies:
    brace-expansion: "npm:^2.0.1"
  checksum: 10c0/21c4877438068da0728eeb678107ea716fd3c76fcde713c9d11b01d7d15c276071aa2fecfcd353b970a290cffd572c3ed43e0a64804470ab9ae97717ed13fb18
  languageName: node
  linkType: hard

"once@npm:^1.3.0":
  version: 1.4.0
  resolution: "once@npm:1.4.0"
  dependencies:
    wrappy: "npm:1"
  checksum: 10c0/5d48aca287dfefabd756621c5dfce5c91a549a93e9fdb7b8246bc4c4790aa2ec17b34a260530474635147aeb631a2dcc8b32c613df0675f96041cbb8244517d0
  languageName: node
  linkType: hard

"wrappy@npm:1":
  version: 1.0.2
  resolution: "wrappy@npm:1.0.2"
  checksum: 10c0/56fece1a4018c6a6c8e28fbc88c87e0fbf4ea8fd64fc6c63b18f4acc4bd13e0ad2515189786dd2c30d3eec9663d70f4ecf699330002f8ccb547e4a18231fc9f0
  languageName: node
  linkType: hard
